
Microsoft Visual Studio Solution File, Format Version 11.00
# Visual Studio 2010
Project("{FAE04EC0-301F-11D3-BF4B-00C04F79EFBC}") = "Assembly-CSharp", "Assembly-CSharp.csproj", "{b29b1eb8-f31e-8efb-2749-f216fc0e0360}"
EndProject
Project("{FAE04EC0-301F-11D3-BF4B-00C04F79EFBC}") = "Assembly-CSharp-Editor", "Assembly-CSharp-Editor.csproj", "{0b936537-9a91-6d8f-8c90-1406066fd44e}"
EndProject
Global
	GlobalSection(SolutionConfigurationPlatforms) = preSolution
		Debug|Any CPU = Debug|Any CPU
		Release|Any CPU = Release|Any CPU
	EndGlobalSection
	GlobalSection(ProjectConfigurationPlatforms) = postSolution
		{b29b1eb8-f31e-8efb-2749-f216fc0e0360}.Debug|Any CPU.ActiveCfg = Debug|Any CPU
		{b29b1eb8-f31e-8efb-2749-f216fc0e0360}.Debug|Any CPU.Build.0 = Debug|Any CPU
		{b29b1eb8-f31e-8efb-2749-f216fc0e0360}.Release|Any CPU.ActiveCfg = Release|Any CPU
		{b29b1eb8-f31e-8efb-2749-f216fc0e0360}.Release|Any CPU.Build.0 = Release|Any CPU
		{0b936537-9a91-6d8f-8c90-1406066fd44e}.Debug|Any CPU.ActiveCfg = Debug|Any CPU
		{0b936537-9a91-6d8f-8c90-1406066fd44e}.Debug|Any CPU.Build.0 = Debug|Any CPU
		{0b936537-9a91-6d8f-8c90-1406066fd44e}.Release|Any CPU.ActiveCfg = Release|Any CPU
		{0b936537-9a91-6d8f-8c90-1406066fd44e}.Release|Any CPU.Build.0 = Release|Any CPU
	EndGlobalSection
	GlobalSection(SolutionProperties) = preSolution
		HideSolutionNode = FALSE
	EndGlobalSection
EndGlobal
